// !$*UTF8*$!
{
	archiveVersion = 1;
	classes = {
	};
	objectVersion = 50;
	objects = {

/* Begin PBXBuildFile section */
		4B7CEBAF24CB2ADF007FF589 /* AppDelegate.swift in Sources */ = {isa = PBXBuildFile; fileRef = 4B7CEBAE24CB2ADF007FF589 /* AppDelegate.swift */; };
		4B7CEBB124CB2ADF007FF589 /* SceneDelegate.swift in Sources */ = {isa = PBXBuildFile; fileRef = 4B7CEBB024CB2ADF007FF589 /* SceneDelegate.swift */; };
		4B7CEBB324CB2ADF007FF589 /* ViewController.swift in Sources */ = {isa = PBXBuildFile; fileRef = 4B7CEBB224CB2ADF007FF589 /* ViewController.swift */; };
		4B7CEBB624CB2ADF007FF589 /* Main.storyboard in Resources */ = {isa = PBXBuildFile; fileRef = 4B7CEBB424CB2ADF007FF589 /* Main.storyboard */; };
		4B7CEBB824CB2AE0007FF589 /* Assets.xcassets in Resources */ = {isa = PBXBuildFile; fileRef = 4B7CEBB724CB2AE0007FF589 /* Assets.xcassets */; };
		4B7CEBBB24CB2AE0007FF589 /* LaunchScreen.storyboard in Resources */ = {isa = PBXBuildFile; fileRef = 4B7CEBB924CB2AE0007FF589 /* LaunchScreen.storyboard */; };
		4B7CEBC324CB679C007FF589 /* SelectionViewController.swift in Sources */ = {isa = PBXBuildFile; fileRef = 4B7CEBC224CB679C007FF589 /* SelectionViewController.swift */; };
		4B7CEBC524CB74DD007FF589 /* ChoiceViewController.swift in Sources */ = {isa = PBXBuildFile; fileRef = 4B7CEBC424CB74DD007FF589 /* ChoiceViewController.swift */; };
		4B7CEBC724CB7A47007FF589 /* Constants.swift in Sources */ = {isa = PBXBuildFile; fileRef = 4B7CEBC624CB7A47007FF589 /* Constants.swift */; };
/* End PBXBuildFile section */

/* Begin PBXFileReference section */
		4B7CEBAB24CB2ADF007FF589 /* AvocadoSpread.app */ = {isa = PBXFileReference; explicitFileType = wrapper.application; includeInIndex = 0; path = AvocadoSpread.app; sourceTree = BUILT_PRODUCTS_DIR; };
		4B7CEBAE24CB2ADF007FF589 /* AppDelegate.swift */ = {isa = PBXFileReference; lastKnownFileType = sourcecode.swift; path = AppDelegate.swift; sourceTree = "<group>"; };
		4B7CEBB024CB2ADF007FF589 /* SceneDelegate.swift */ = {isa = PBXFileReference; lastKnownFileType = sourcecode.swift; path = SceneDelegate.swift; sourceTree = "<group>"; };
		4B7CEBB224CB2ADF007FF589 /* ViewController.swift */ = {isa = PBXFileReference; lastKnownFileType = sourcecode.swift; path = ViewController.swift; sourceTree = "<group>"; };
		4B7CEBB524CB2ADF007FF589 /* Base */ = {isa = PBXFileReference; lastKnownFileType = file.storyboard; name = Base; path = Base.lproj/Main.storyboard; sourceTree = "<group>"; };
		4B7CEBB724CB2AE0007FF589 /* Assets.xcassets */ = {isa = PBXFileReference; lastKnownFileType = folder.assetcatalog; path = Assets.xcassets; sourceTree = "<group>"; };
		4B7CEBBA24CB2AE0007FF589 /* Base */ = {isa = PBXFileReference; lastKnownFileType = file.storyboard; name = Base; path = Base.lproj/LaunchScreen.storyboard; sourceTree = "<group>"; };
		4B7CEBBC24CB2AE0007FF589 /* Info.plist */ = {isa = PBXFileReference; lastKnownFileType = text.plist.xml; path = Info.plist; sourceTree = "<group>"; };
		4B7CEBC224CB679C007FF589 /* SelectionViewController.swift */ = {isa = PBXFileReference; lastKnownFileType = sourcecode.swift; path = SelectionViewController.swift; sourceTree = "<group>"; };
		4B7CEBC424CB74DD007FF589 /* ChoiceViewController.swift */ = {isa = PBXFileReference; lastKnownFileType = sourcecode.swift; path = ChoiceViewController.swift; sourceTree = "<group>"; };
		4B7CEBC624CB7A47007FF589 /* Constants.swift */ = {isa = PBXFileReference; lastKnownFileType = sourcecode.swift; path = Constants.swift; sourceTree = "<group>"; };
/* End PBXFileReference section */

/* Begin PBXFrameworksBuildPhase section */
		4B7CEBA824CB2ADF007FF589 /* Frameworks */ = {
			isa = PBXFrameworksBuildPhase;
			buildActionMask = 2147483647;
			files = (
			);
			runOnlyForDeploymentPostprocessing = 0;
		};
/* End PBXFrameworksBuildPhase section */

/* Begin PBXGroup section */
		4B7CEBA224CB2ADF007FF589 = {
			isa = PBXGroup;
			children = (
				4B7CEBAD24CB2ADF007FF589 /* AvocadoSpread */,
				4B7CEBAC24CB2ADF007FF589 /* Products */,
			);
			sourceTree = "<group>";
		};
		4B7CEBAC24CB2ADF007FF589 /* Products */ = {
			isa = PBXGroup;
			children = (
				4B7CEBAB24CB2ADF007FF589 /* AvocadoSpread.app */,
			);
			name = Products;
			sourceTree = "<group>";
		};
		4B7CEBAD24CB2ADF007FF589 /* AvocadoSpread */ = {
			isa = PBXGroup;
			children = (
				4B7CEBAE24CB2ADF007FF589 /* AppDelegate.swift */,
				4B7CEBB024CB2ADF007FF589 /* SceneDelegate.swift */,
				4B7CEBB224CB2ADF007FF589 /* ViewController.swift */,
				4B7CEBB424CB2ADF007FF589 /* Main.storyboard */,
				4B7CEBB724CB2AE0007FF589 /* Assets.xcassets */,
				4B7CEBB924CB2AE0007FF589 /* LaunchScreen.storyboard */,
				4B7CEBBC24CB2AE0007FF589 /* Info.plist */,
				4B7CEBC224CB679C007FF589 /* SelectionViewController.swift */,
				4B7CEBC424CB74DD007FF589 /* ChoiceViewController.swift */,
				4B7CEBC624CB7A47007FF589 /* Constants.swift */,
			);
			path = AvocadoSpread;
			sourceTree = "<group>";
		};
/* End PBXGroup section */

/* Begin PBXNativeTarget section */
		4B7CEBAA24CB2ADF007FF589 /* AvocadoSpread */ = {
			isa = PBXNativeTarget;
			buildConfigurationList = 4B7CEBBF24CB2AE0007FF589 /* Build configuration list for PBXNativeTarget "AvocadoSpread" */;
			buildPhases = (
				4B7CEBA724CB2ADF007FF589 /* Sources */,
				4B7CEBA824CB2ADF007FF589 /* Frameworks */,
				4B7CEBA924CB2ADF007FF589 /* Resources */,
			);
			buildRules = (
			);
			dependencies = (
			);
			name = AvocadoSpread;
			productName = AvocadoSpread;
			productReference = 4B7CEBAB24CB2ADF007FF589 /* AvocadoSpread.app */;
			productType = "com.apple.product-type.application";
		};
/* End PBXNativeTarget section */

/* Begin PBXProject section */
		4B7CEBA324CB2ADF007FF589 /* Project object */ = {
			isa = PBXProject;
			attributes = {
				LastSwiftUpdateCheck = 1160;
				LastUpgradeCheck = 1160;
				ORGANIZATIONNAME = "Arunabh Das";
				TargetAttributes = {
					4B7CEBAA24CB2ADF007FF589 = {
						CreatedOnToolsVersion = 11.6;
					};
				};
			};
			buildConfigurationList = 4B7CEBA624CB2ADF007FF589 /* Build configuration list for PBXProject "AvocadoSpread" */;
			compatibilityVersion = "Xcode 9.3";
			developmentRegion = en;
			hasScannedForEncodings = 0;
			knownRegions = (
				en,
				Base,
			);
			mainGroup = 4B7CEBA224CB2ADF007FF589;
			productRefGroup = 4B7CEBAC24CB2ADF007FF589 /* Products */;
			projectDirPath = "";
			projectRoot = "";
			targets = (
				4B7CEBAA24CB2ADF007FF589 /* AvocadoSpread */,
			);
		};
/* End PBXProject section */

/* Begin PBXResourcesBuildPhase section */
		4B7CEBA924CB2ADF007FF589 /* Resources */ = {
			isa = PBXResourcesBuildPhase;
			buildActionMask = 2147483647;
			files = (
				4B7CEBBB24CB2AE0007FF589 /* LaunchScreen.storyboard in Resources */,
				4B7CEBB824CB2AE0007FF589 /* Assets.xcassets in Resources */,
				4B7CEBB624CB2ADF007FF589 /* Main.storyboard in Resources */,
			);
			runOnlyForDeploymentPostprocessing = 0;
		};
/* End PBXResourcesBuildPhase section */

/* Begin PBXSourcesBuildPhase section */
		4B7CEBA724CB2ADF007FF589 /* Sources */ = {
			isa = PBXSourcesBuildPhase;
			buildActionMask = 2147483647;
			files = (
				4B7CEBB324CB2ADF007FF589 /* ViewController.swift in Sources */,
				4B7CEBC324CB679C007FF589 /* SelectionViewController.swift in Sources */,
				4B7CEBC524CB74DD007FF589 /* ChoiceViewController.swift in Sources */,
				4B7CEBAF24CB2ADF007FF589 /* AppDelegate.swift in Sources */,
				4B7CEBB124CB2ADF007FF589 /* SceneDelegate.swift in Sources */,
				4B7CEBC724CB7A47007FF589 /* Constants.swift in Sources */,
			);
			runOnlyForDeploymentPostprocessing = 0;
		};
/* End PBXSourcesBuildPhase section */

/* Begin PBXVariantGroup section */
		4B7CEBB424CB2ADF007FF589 /* Main.storyboard */ = {
			isa = PBXVariantGroup;
			children = (
				4B7CEBB524CB2ADF007FF589 /* Base */,
			);
			name = Main.storyboard;
			sourceTree = "<group>";
		};
		4B7CEBB924CB2AE0007FF589 /* LaunchScreen.storyboard */ = {
			isa = PBXVariantGroup;
			children = (
				4B7CEBBA24CB2AE0007FF589 /* Base */,
			);
			name = LaunchScreen.storyboard;
			sourceTree = "<group>";
		};
/* End PBXVariantGroup section */

/* Begin XCBuildConfiguration section */
		4B7CEBBD24CB2AE0007FF589 /* Debug */ = {
			isa = XCBuildConfiguration;
			buildSettings = {
				ALWAYS_SEARCH_USER_PATHS = NO;
				CLANG_ANALYZER_NONNULL = YES;
				CLANG_ANALYZER_NUMBER_OBJECT_CONVERSION = YES_AGGRESSIVE;
				CLANG_CXX_LANGUAGE_STANDARD = "gnu++14";
				CLANG_CXX_LIBRARY = "libc++";
				CLANG_ENABLE_MODULES = YES;
				CLANG_ENABLE_OBJC_ARC = YES;
				CLANG_ENABLE_OBJC_WEAK = YES;
				CLANG_WARN_BLOCK_CAPTURE_AUTORELEASING = YES;
				CLANG_WARN_BOOL_CONVERSION = YES;
				CLANG_WARN_COMMA = YES;
				CLANG_WARN_CONSTANT_CONVERSION = YES;
				CLANG_WARN_DEPRECATED_OBJC_IMPLEMENTATIONS = YES;
				CLANG_WARN_DIRECT_OBJC_ISA_USAGE = YES_ERROR;
				CLANG_WARN_DOCUMENTATION_COMMENTS = YES;
				CLANG_WARN_EMPTY_BODY = YES;
				CLANG_WARN_ENUM_CONVERSION = YES;
				CLANG_WARN_INFINITE_RECURSION = YES;
				CLANG_WARN_INT_CONVERSION = YES;
				CLANG_WARN_NON_LITERAL_NULL_CONVERSION = YES;
				CLANG_WARN_OBJC_IMPLICIT_RETAIN_SELF = YES;
				CLANG_WARN_OBJC_LITERAL_CONVERSION = YES;
				CLANG_WARN_OBJC_ROOT_CLASS = YES_ERROR;
				CLANG_WARN_RANGE_LOOP_ANALYSIS = YES;
				CLANG_WARN_STRICT_PROTOTYPES = YES;
				CLANG_WARN_SUSPICIOUS_MOVE = YES;
				CLANG_WARN_UNGUARDED_AVAILABILITY = YES_AGGRESSIVE;
				CLANG_WARN_UNREACHABLE_CODE = YES;
				CLANG_WARN__DUPLICATE_METHOD_MATCH = YES;
				COPY_PHASE_STRIP = NO;
				DEBUG_INFORMATION_FORMAT = dwarf;
				ENABLE_STRICT_OBJC_MSGSEND = YES;
				ENABLE_TESTABILITY = YES;
				GCC_C_LANGUAGE_STANDARD = gnu11;
				GCC_DYNAMIC_NO_PIC = NO;
				GCC_NO_COMMON_BLOCKS = YES;
				GCC_OPTIMIZATION_LEVEL = 0;
				GCC_PREPROCESSOR_DEFINITIONS = (
					"DEBUG=1",
					"$(inherited)",
				);
				GCC_WARN_64_TO_32_BIT_CONVERSION = YES;
				GCC_WARN_ABOUT_RETURN_TYPE = YES_ERROR;
				GCC_WARN_UNDECLARED_SELECTOR = YES;
				GCC_WARN_UNINITIALIZED_AUTOS = YES_AGGRESSIVE;
				GCC_WARN_UNUSED_FUNCTION = YES;
				GCC_WARN_UNUSED_VARIABLE = YES;
				IPHONEOS_DEPLOYMENT_TARGET = 13.6;
				MTL_ENABLE_DEBUG_INFO = INCLUDE_SOURCE;
				MTL_FAST_MATH = YES;
				ONLY_ACTIVE_ARCH = YES;
				SDKROOT = iphoneos;
				SWIFT_ACTIVE_COMPILATION_CONDITIONS = DEBUG;
				SWIFT_OPTIMIZATION_LEVEL = "-Onone";
			};
			name = Debug;
		};
		4B7CEBBE24CB2AE0007FF589 /* Release */ = {
			isa = XCBuildConfiguration;
			buildSettings = {
				ALWAYS_SEARCH_USER_PATHS = NO;
				CLANG_ANALYZER_NONNULL = YES;
				CLANG_ANALYZER_NUMBER_OBJECT_CONVERSION = YES_AGGRESSIVE;
				CLANG_CXX_LANGUAGE_STANDARD = "gnu++14";
				CLANG_CXX_LIBRARY = "libc++";
				CLANG_ENABLE_MODULES = YES;
				CLANG_ENABLE_OBJC_ARC = YES;
				CLANG_ENABLE_OBJC_WEAK = YES;
				CLANG_WARN_BLOCK_CAPTURE_AUTORELEASING = YES;
				CLANG_WARN_BOOL_CONVERSION = YES;
				CLANG_WARN_COMMA = YES;
				CLANG_WARN_CONSTANT_CONVERSION = YES;
				CLANG_WARN_DEPRECATED_OBJC_IMPLEMENTATIONS = YES;
				CLANG_WARN_DIRECT_OBJC_ISA_USAGE = YES_ERROR;
				CLANG_WARN_DOCUMENTATION_COMMENTS = YES;
				CLANG_WARN_EMPTY_BODY = YES;
				CLANG_WARN_ENUM_CONVERSION = YES;
				CLANG_WARN_INFINITE_RECURSION = YES;
				CLANG_WARN_INT_CONVERSION = YES;
				CLANG_WARN_NON_LITERAL_NULL_CONVERSION = YES;
				CLANG_WARN_OBJC_IMPLICIT_RETAIN_SELF = YES;
				CLANG_WARN_OBJC_LITERAL_CONVERSION = YES;
				CLANG_WARN_OBJC_ROOT_CLASS = YES_ERROR;
				CLANG_WARN_RANGE_LOOP_ANALYSIS = YES;
				CLANG_WARN_STRICT_PROTOTYPES = YES;
				CLANG_WARN_SUSPICIOUS_MOVE = YES;
				CLANG_WARN_UNGUARDED_AVAILABILITY = YES_AGGRESSIVE;
				CLANG_WARN_UNREACHABLE_CODE = YES;
				CLANG_WARN__DUPLICATE_METHOD_MATCH = YES;
				COPY_PHASE_STRIP = NO;
				DEBUG_INFORMATION_FORMAT = "dwarf-with-dsym";
				ENABLE_NS_ASSERTIONS = NO;
				ENABLE_STRICT_OBJC_MSGSEND = YES;
				GCC_C_LANGUAGE_STANDARD = gnu11;
				GCC_NO_COMMON_BLOCKS = YES;
				GCC_WARN_64_TO_32_BIT_CONVERSION = YES;
				GCC_WARN_ABOUT_RETURN_TYPE = YES_ERROR;
				GCC_WARN_UNDECLARED_SELECTOR = YES;
				GCC_WARN_UNINITIALIZED_AUTOS = YES_AGGRESSIVE;
				GCC_WARN_UNUSED_FUNCTION = YES;
				GCC_WARN_UNUSED_VARIABLE = YES;
				IPHONEOS_DEPLOYMENT_TARGET = 13.6;
				MTL_ENABLE_DEBUG_INFO = NO;
				MTL_FAST_MATH = YES;
				SDKROOT = iphoneos;
				SWIFT_COMPILATION_MODE = wholemodule;
				SWIFT_OPTIMIZATION_LEVEL = "-O";
				VALIDATE_PRODUCT = YES;
			};
			name = Release;
		};
		4B7CEBC024CB2AE0007FF589 /* Debug */ = {
			isa = XCBuildConfiguration;
			buildSettings = {
				ASSETCATALOG_COMPILER_APPICON_NAME = AppIcon;
				CODE_SIGN_STYLE = Automatic;
				DEVELOPMENT_TEAM = 3J84XTAJSY;
				INFOPLIST_FILE = AvocadoSpread/Info.plist;
				LD_RUNPATH_SEARCH_PATHS = (
					"$(inherited)",
					"@executable_path/Frameworks",
				);
				PRODUCT_BUNDLE_IDENTIFIER = com.arunabhdas.AvocadoSpread.AvocadoSpread;
				PRODUCT_NAME = "$(TARGET_NAME)";
				SWIFT_VERSION = 5.0;
				TARGETED_DEVICE_FAMILY = "1,2";
			};
			name = Debug;
		};
		4B7CEBC124CB2AE0007FF589 /* Release */ = {
			isa = XCBuildConfiguration;
			buildSettings = {
				ASSETCATALOG_COMPILER_APPICON_NAME = AppIcon;
				CODE_SIGN_STYLE = Automatic;
				DEVELOPMENT_TEAM = 3J84XTAJSY;
				INFOPLIST_FILE = AvocadoSpread/Info.plist;
				LD_RUNPATH_SEARCH_PATHS = (
					"$(inherited)",
					"@executable_path/Frameworks",
				);
				PRODUCT_BUNDLE_IDENTIFIER = com.arunabhdas.AvocadoSpread.AvocadoSpread;
				PRODUCT_NAME = "$(TARGET_NAME)";
				SWIFT_VERSION = 5.0;
				TARGETED_DEVICE_FAMILY = "1,2";
			};
			name = Release;
		};
/* End XCBuildConfiguration section */

/* Begin XCConfigurationList section */
		4B7CEBA624CB2ADF007FF589 /* Build configuration list for PBXProject "AvocadoSpread" */ = {
			isa = XCConfigurationList;
			buildConfigurations = (
				4B7CEBBD24CB2AE0007FF589 /* Debug */,
				4B7CEBBE24CB2AE0007FF589 /* Release */,
			);
			defaultConfigurationIsVisible = 0;
			defaultConfigurationName = Release;
		};
		4B7CEBBF24CB2AE0007FF589 /* Build configuration list for PBXNativeTarget "AvocadoSpread" */ = {
			isa = XCConfigurationList;
			buildConfigurations = (
				4B7CEBC024CB2AE0007FF589 /* Debug */,
				4B7CEBC124CB2AE0007FF589 /* Release */,
			);
			defaultConfigurationIsVisible = 0;
			defaultConfigurationName = Release;
		};
/* End XCConfigurationList section */
	};
	rootObject = 4B7CEBA324CB2ADF007FF589 /* Project object */;
}
